
Microsoft Visual Studio Solution File, Format Version 12.00
# Visual Studio Version 17
VisualStudioVersion = 17.8.34302.71
MinimumVisualStudioVersion = 10.0.40219.1
Project("{2150E333-8FDC-42A3-9474-1A3956D46DE8}") = "Chapter1", "Chapter1", "{23F1E88C-1CEB-4F8A-9A34-308498D49CC1}"
EndProject
Project("{8BC9CEB8-8B4A-11D0-8D11-00A0C91BC942}") = "01_HelloWorld", "Chater1\01_HelloWorld\Project1.vcxproj", "{0ED1FFB2-CB91-410D-B370-607DD2DC9BE5}"
EndProject
Project("{8BC9CEB8-8B4A-11D0-8D11-00A0C91BC942}") = "02_Variables", "Chater1\02_Variables\02_Variables.vcxproj", "{75B77FCE-A79C-4ECE-844E-69436CA5D2EB}"
EndProject
Project("{8BC9CEB8-8B4A-11D0-8D11-00A0C91BC942}") = "03_NumericalLimits", "Chater1\03_NumericalLimits\03_NumericalLimits.vcxproj", "{0CA17613-A279-46CB-A613-71A6DAB71F9E}"
EndProject
Project("{8BC9CEB8-8B4A-11D0-8D11-00A0C91BC942}") = "04_ZeroInit_Casting", "Chater1\04_ZeroInit_Casting\04_ZeroInit_Casting.vcxproj", "{3A413801-FD44-4C9B-87BD-43C1BBEE159F}"
EndProject
Project("{8BC9CEB8-8B4A-11D0-8D11-00A0C91BC942}") = "05_Operators_EnumTypes_Structs", "Chater1\05_Operators_EnumTypes\05_Operators_EnumTypes.vcxproj", "{68FC5263-1448-4A52-A7B8-00F1B6CC5324}"
EndProject
Project("{8BC9CEB8-8B4A-11D0-8D11-00A0C91BC942}") = "06_Conditional_Statements", "Chater1\06_Conditional_Statements\06_Conditional_Statements.vcxproj", "{B099FACD-ED5A-4D26-865F-A98E72AA5EC2}"
EndProject
Project("{8BC9CEB8-8B4A-11D0-8D11-00A0C91BC942}") = "07_Functions", "Chater1\07_Functions\07_Functions.vcxproj", "{E5E0C88D-F340-4B30-9533-8032CAD61B26}"
EndProject
Project("{8BC9CEB8-8B4A-11D0-8D11-00A0C91BC942}") = "08_Arrays", "Chater1\08_Arrays\08_Arrays.vcxproj", "{E72A70CF-4E92-4BE8-90EB-B38D392FA11B}"
EndProject
Project("{8BC9CEB8-8B4A-11D0-8D11-00A0C91BC942}") = "09_Loops", "Chater1\09_Loops\09_Loops.vcxproj", "{43B07B04-5DEB-4DFA-820E-ACBA0CA31679}"
EndProject
Project("{8BC9CEB8-8B4A-11D0-8D11-00A0C91BC942}") = "10_Classes", "Chater1\10_Classes\10_Classes.vcxproj", "{18D79A2E-8B5C-42CB-9E58-F740170ACA61}"
EndProject
Project("{8BC9CEB8-8B4A-11D0-8D11-00A0C91BC942}") = "11_PointersAndDynamicMemory", "Chater1\11_PointersAndDynamicMemory\11_PointersAndDynamicMemory.vcxproj", "{A2ED421D-B0A2-4EE7-BB96-D9A01465B8E1}"
EndProject
Project("{8BC9CEB8-8B4A-11D0-8D11-00A0C91BC942}") = "12_Const", "Chater1\12_Const\12_Const.vcxproj", "{EC6CEEFD-F923-4FBA-B495-C4932B9BCA2F}"
EndProject
Project("{8BC9CEB8-8B4A-11D0-8D11-00A0C91BC942}") = "13_References", "Chater1\13_References\13_References.vcxproj", "{D0E37B97-AEF4-4ACE-81E6-7909B7D8AE50}"
EndProject
Project("{8BC9CEB8-8B4A-11D0-8D11-00A0C91BC942}") = "14_Exceptions", "Chater1\14_Exceptions\14_Exceptions.vcxproj", "{04710E55-D259-4F97-9E07-E1D9C8AE9B90}"
EndProject
Project("{8BC9CEB8-8B4A-11D0-8D11-00A0C91BC942}") = "15_TypeInference", "Chater1\15_TypeInference\15_TypeInference.vcxproj", "{70AE33D6-5F9A-4740-A255-B93B8336F712}"
EndProject
Project("{8BC9CEB8-8B4A-11D0-8D11-00A0C91BC942}") = "16_EmployeeRecordsSystem", "Chater1\16_EmployeeRecordsSystem\16_EmployeeRecordsSystem.vcxproj", "{154AD62A-48F3-464B-932E-8DB6CF394844}"
EndProject
Project("{8BC9CEB8-8B4A-11D0-8D11-00A0C91BC942}") = "17_Exercise_1_1", "Chater1\17_Exercise_1_1\17_Exercise_1_1.vcxproj", "{C51A4A1B-8E85-411E-9B9A-BEE3633A0BEE}"
EndProject
Project("{8BC9CEB8-8B4A-11D0-8D11-00A0C91BC942}") = "18_Exercise_1_2", "Chater1\18_Exercise_1_2\18_Exercise_1_2.vcxproj", "{B43856D6-3099-4B69-8345-16B0793FCB6D}"
EndProject
Project("{8BC9CEB8-8B4A-11D0-8D11-00A0C91BC942}") = "19_Exercise_1_3", "Chater1\19_Exercise_1_3\19_Exercise_1_3.vcxproj", "{A3EB906D-FE26-4B02-BEF3-60AAAAACEF51}"
EndProject
Project("{8BC9CEB8-8B4A-11D0-8D11-00A0C91BC942}") = "20_Exercise_1_4", "Chater1\20_Exercise_1_4\20_Exercise_1_4.vcxproj", "{62476DB6-EC9B-4F52-8BF8-E56C40963AF7}"
EndProject
Project("{8BC9CEB8-8B4A-11D0-8D11-00A0C91BC942}") = "21_Exercise_1_5", "Chater1\21_Exercise_1_5\21_Exercise_1_5.vcxproj", "{B88DCF19-3B03-477B-A8CA-0AA0E51D92BD}"
EndProject
Global
	GlobalSection(SolutionConfigurationPlatforms) = preSolution
		Debug|x64 = Debug|x64
		Debug|x86 = Debug|x86
		Release|x64 = Release|x64
		Release|x86 = Release|x86
	EndGlobalSection
	GlobalSection(ProjectConfigurationPlatforms) = postSolution
		{0ED1FFB2-CB91-410D-B370-607DD2DC9BE5}.Debug|x64.ActiveCfg = Debug|x64
		{0ED1FFB2-CB91-410D-B370-607DD2DC9BE5}.Debug|x64.Build.0 = Debug|x64
		{0ED1FFB2-CB91-410D-B370-607DD2DC9BE5}.Debug|x86.ActiveCfg = Debug|Win32
		{0ED1FFB2-CB91-410D-B370-607DD2DC9BE5}.Debug|x86.Build.0 = Debug|Win32
		{0ED1FFB2-CB91-410D-B370-607DD2DC9BE5}.Release|x64.ActiveCfg = Release|x64
		{0ED1FFB2-CB91-410D-B370-607DD2DC9BE5}.Release|x64.Build.0 = Release|x64
		{0ED1FFB2-CB91-410D-B370-607DD2DC9BE5}.Release|x86.ActiveCfg = Release|Win32
		{0ED1FFB2-CB91-410D-B370-607DD2DC9BE5}.Release|x86.Build.0 = Release|Win32
		{75B77FCE-A79C-4ECE-844E-69436CA5D2EB}.Debug|x64.ActiveCfg = Debug|x64
		{75B77FCE-A79C-4ECE-844E-69436CA5D2EB}.Debug|x64.Build.0 = Debug|x64
		{75B77FCE-A79C-4ECE-844E-69436CA5D2EB}.Debug|x86.ActiveCfg = Debug|Win32
		{75B77FCE-A79C-4ECE-844E-69436CA5D2EB}.Debug|x86.Build.0 = Debug|Win32
		{75B77FCE-A79C-4ECE-844E-69436CA5D2EB}.Release|x64.ActiveCfg = Release|x64
		{75B77FCE-A79C-4ECE-844E-69436CA5D2EB}.Release|x64.Build.0 = Release|x64
		{75B77FCE-A79C-4ECE-844E-69436CA5D2EB}.Release|x86.ActiveCfg = Release|Win32
		{75B77FCE-A79C-4ECE-844E-69436CA5D2EB}.Release|x86.Build.0 = Release|Win32
		{0CA17613-A279-46CB-A613-71A6DAB71F9E}.Debug|x64.ActiveCfg = Debug|x64
		{0CA17613-A279-46CB-A613-71A6DAB71F9E}.Debug|x64.Build.0 = Debug|x64
		{0CA17613-A279-46CB-A613-71A6DAB71F9E}.Debug|x86.ActiveCfg = Debug|Win32
		{0CA17613-A279-46CB-A613-71A6DAB71F9E}.Debug|x86.Build.0 = Debug|Win32
		{0CA17613-A279-46CB-A613-71A6DAB71F9E}.Release|x64.ActiveCfg = Release|x64
		{0CA17613-A279-46CB-A613-71A6DAB71F9E}.Release|x64.Build.0 = Release|x64
		{0CA17613-A279-46CB-A613-71A6DAB71F9E}.Release|x86.ActiveCfg = Release|Win32
		{0CA17613-A279-46CB-A613-71A6DAB71F9E}.Release|x86.Build.0 = Release|Win32
		{3A413801-FD44-4C9B-87BD-43C1BBEE159F}.Debug|x64.ActiveCfg = Debug|x64
		{3A413801-FD44-4C9B-87BD-43C1BBEE159F}.Debug|x64.Build.0 = Debug|x64
		{3A413801-FD44-4C9B-87BD-43C1BBEE159F}.Debug|x86.ActiveCfg = Debug|Win32
		{3A413801-FD44-4C9B-87BD-43C1BBEE159F}.Debug|x86.Build.0 = Debug|Win32
		{3A413801-FD44-4C9B-87BD-43C1BBEE159F}.Release|x64.ActiveCfg = Release|x64
		{3A413801-FD44-4C9B-87BD-43C1BBEE159F}.Release|x64.Build.0 = Release|x64
		{3A413801-FD44-4C9B-87BD-43C1BBEE159F}.Release|x86.ActiveCfg = Release|Win32
		{3A413801-FD44-4C9B-87BD-43C1BBEE159F}.Release|x86.Build.0 = Release|Win32
		{68FC5263-1448-4A52-A7B8-00F1B6CC5324}.Debug|x64.ActiveCfg = Debug|x64
		{68FC5263-1448-4A52-A7B8-00F1B6CC5324}.Debug|x64.Build.0 = Debug|x64
		{68FC5263-1448-4A52-A7B8-00F1B6CC5324}.Debug|x86.ActiveCfg = Debug|Win32
		{68FC5263-1448-4A52-A7B8-00F1B6CC5324}.Debug|x86.Build.0 = Debug|Win32
		{68FC5263-1448-4A52-A7B8-00F1B6CC5324}.Release|x64.ActiveCfg = Release|x64
		{68FC5263-1448-4A52-A7B8-00F1B6CC5324}.Release|x64.Build.0 = Release|x64
		{68FC5263-1448-4A52-A7B8-00F1B6CC5324}.Release|x86.ActiveCfg = Release|Win32
		{68FC5263-1448-4A52-A7B8-00F1B6CC5324}.Release|x86.Build.0 = Release|Win32
		{B099FACD-ED5A-4D26-865F-A98E72AA5EC2}.Debug|x64.ActiveCfg = Debug|x64
		{B099FACD-ED5A-4D26-865F-A98E72AA5EC2}.Debug|x64.Build.0 = Debug|x64
		{B099FACD-ED5A-4D26-865F-A98E72AA5EC2}.Debug|x86.ActiveCfg = Debug|Win32
		{B099FACD-ED5A-4D26-865F-A98E72AA5EC2}.Debug|x86.Build.0 = Debug|Win32
		{B099FACD-ED5A-4D26-865F-A98E72AA5EC2}.Release|x64.ActiveCfg = Release|x64
		{B099FACD-ED5A-4D26-865F-A98E72AA5EC2}.Release|x64.Build.0 = Release|x64
		{B099FACD-ED5A-4D26-865F-A98E72AA5EC2}.Release|x86.ActiveCfg = Release|Win32
		{B099FACD-ED5A-4D26-865F-A98E72AA5EC2}.Release|x86.Build.0 = Release|Win32
		{E5E0C88D-F340-4B30-9533-8032CAD61B26}.Debug|x64.ActiveCfg = Debug|x64
		{E5E0C88D-F340-4B30-9533-8032CAD61B26}.Debug|x64.Build.0 = Debug|x64
		{E5E0C88D-F340-4B30-9533-8032CAD61B26}.Debug|x86.ActiveCfg = Debug|Win32
		{E5E0C88D-F340-4B30-9533-8032CAD61B26}.Debug|x86.Build.0 = Debug|Win32
		{E5E0C88D-F340-4B30-9533-8032CAD61B26}.Release|x64.ActiveCfg = Release|x64
		{E5E0C88D-F340-4B30-9533-8032CAD61B26}.Release|x64.Build.0 = Release|x64
		{E5E0C88D-F340-4B30-9533-8032CAD61B26}.Release|x86.ActiveCfg = Release|Win32
		{E5E0C88D-F340-4B30-9533-8032CAD61B26}.Release|x86.Build.0 = Release|Win32
		{E72A70CF-4E92-4BE8-90EB-B38D392FA11B}.Debug|x64.ActiveCfg = Debug|x64
		{E72A70CF-4E92-4BE8-90EB-B38D392FA11B}.Debug|x64.Build.0 = Debug|x64
		{E72A70CF-4E92-4BE8-90EB-B38D392FA11B}.Debug|x86.ActiveCfg = Debug|Win32
		{E72A70CF-4E92-4BE8-90EB-B38D392FA11B}.Debug|x86.Build.0 = Debug|Win32
		{E72A70CF-4E92-4BE8-90EB-B38D392FA11B}.Release|x64.ActiveCfg = Release|x64
		{E72A70CF-4E92-4BE8-90EB-B38D392FA11B}.Release|x64.Build.0 = Release|x64
		{E72A70CF-4E92-4BE8-90EB-B38D392FA11B}.Release|x86.ActiveCfg = Release|Win32
		{E72A70CF-4E92-4BE8-90EB-B38D392FA11B}.Release|x86.Build.0 = Release|Win32
		{43B07B04-5DEB-4DFA-820E-ACBA0CA31679}.Debug|x64.ActiveCfg = Debug|x64
		{43B07B04-5DEB-4DFA-820E-ACBA0CA31679}.Debug|x64.Build.0 = Debug|x64
		{43B07B04-5DEB-4DFA-820E-ACBA0CA31679}.Debug|x86.ActiveCfg = Debug|Win32
		{43B07B04-5DEB-4DFA-820E-ACBA0CA31679}.Debug|x86.Build.0 = Debug|Win32
		{43B07B04-5DEB-4DFA-820E-ACBA0CA31679}.Release|x64.ActiveCfg = Release|x64
		{43B07B04-5DEB-4DFA-820E-ACBA0CA31679}.Release|x64.Build.0 = Release|x64
		{43B07B04-5DEB-4DFA-820E-ACBA0CA31679}.Release|x86.ActiveCfg = Release|Win32
		{43B07B04-5DEB-4DFA-820E-ACBA0CA31679}.Release|x86.Build.0 = Release|Win32
		{18D79A2E-8B5C-42CB-9E58-F740170ACA61}.Debug|x64.ActiveCfg = Debug|x64
		{18D79A2E-8B5C-42CB-9E58-F740170ACA61}.Debug|x64.Build.0 = Debug|x64
		{18D79A2E-8B5C-42CB-9E58-F740170ACA61}.Debug|x86.ActiveCfg = Debug|Win32
		{18D79A2E-8B5C-42CB-9E58-F740170ACA61}.Debug|x86.Build.0 = Debug|Win32
		{18D79A2E-8B5C-42CB-9E58-F740170ACA61}.Release|x64.ActiveCfg = Release|x64
		{18D79A2E-8B5C-42CB-9E58-F740170ACA61}.Release|x64.Build.0 = Release|x64
		{18D79A2E-8B5C-42CB-9E58-F740170ACA61}.Release|x86.ActiveCfg = Release|Win32
		{18D79A2E-8B5C-42CB-9E58-F740170ACA61}.Release|x86.Build.0 = Release|Win32
		{A2ED421D-B0A2-4EE7-BB96-D9A01465B8E1}.Debug|x64.ActiveCfg = Debug|x64
		{A2ED421D-B0A2-4EE7-BB96-D9A01465B8E1}.Debug|x64.Build.0 = Debug|x64
		{A2ED421D-B0A2-4EE7-BB96-D9A01465B8E1}.Debug|x86.ActiveCfg = Debug|Win32
		{A2ED421D-B0A2-4EE7-BB96-D9A01465B8E1}.Debug|x86.Build.0 = Debug|Win32
		{A2ED421D-B0A2-4EE7-BB96-D9A01465B8E1}.Release|x64.ActiveCfg = Release|x64
		{A2ED421D-B0A2-4EE7-BB96-D9A01465B8E1}.Release|x64.Build.0 = Release|x64
		{A2ED421D-B0A2-4EE7-BB96-D9A01465B8E1}.Release|x86.ActiveCfg = Release|Win32
		{A2ED421D-B0A2-4EE7-BB96-D9A01465B8E1}.Release|x86.Build.0 = Release|Win32
		{EC6CEEFD-F923-4FBA-B495-C4932B9BCA2F}.Debug|x64.ActiveCfg = Debug|x64
		{EC6CEEFD-F923-4FBA-B495-C4932B9BCA2F}.Debug|x64.Build.0 = Debug|x64
		{EC6CEEFD-F923-4FBA-B495-C4932B9BCA2F}.Debug|x86.ActiveCfg = Debug|Win32
		{EC6CEEFD-F923-4FBA-B495-C4932B9BCA2F}.Debug|x86.Build.0 = Debug|Win32
		{EC6CEEFD-F923-4FBA-B495-C4932B9BCA2F}.Release|x64.ActiveCfg = Release|x64
		{EC6CEEFD-F923-4FBA-B495-C4932B9BCA2F}.Release|x64.Build.0 = Release|x64
		{EC6CEEFD-F923-4FBA-B495-C4932B9BCA2F}.Release|x86.ActiveCfg = Release|Win32
		{EC6CEEFD-F923-4FBA-B495-C4932B9BCA2F}.Release|x86.Build.0 = Release|Win32
		{D0E37B97-AEF4-4ACE-81E6-7909B7D8AE50}.Debug|x64.ActiveCfg = Debug|x64
		{D0E37B97-AEF4-4ACE-81E6-7909B7D8AE50}.Debug|x64.Build.0 = Debug|x64
		{D0E37B97-AEF4-4ACE-81E6-7909B7D8AE50}.Debug|x86.ActiveCfg = Debug|Win32
		{D0E37B97-AEF4-4ACE-81E6-7909B7D8AE50}.Debug|x86.Build.0 = Debug|Win32
		{D0E37B97-AEF4-4ACE-81E6-7909B7D8AE50}.Release|x64.ActiveCfg = Release|x64
		{D0E37B97-AEF4-4ACE-81E6-7909B7D8AE50}.Release|x64.Build.0 = Release|x64
		{D0E37B97-AEF4-4ACE-81E6-7909B7D8AE50}.Release|x86.ActiveCfg = Release|Win32
		{D0E37B97-AEF4-4ACE-81E6-7909B7D8AE50}.Release|x86.Build.0 = Release|Win32
		{04710E55-D259-4F97-9E07-E1D9C8AE9B90}.Debug|x64.ActiveCfg = Debug|x64
		{04710E55-D259-4F97-9E07-E1D9C8AE9B90}.Debug|x64.Build.0 = Debug|x64
		{04710E55-D259-4F97-9E07-E1D9C8AE9B90}.Debug|x86.ActiveCfg = Debug|Win32
		{04710E55-D259-4F97-9E07-E1D9C8AE9B90}.Debug|x86.Build.0 = Debug|Win32
		{04710E55-D259-4F97-9E07-E1D9C8AE9B90}.Release|x64.ActiveCfg = Release|x64
		{04710E55-D259-4F97-9E07-E1D9C8AE9B90}.Release|x64.Build.0 = Release|x64
		{04710E55-D259-4F97-9E07-E1D9C8AE9B90}.Release|x86.ActiveCfg = Release|Win32
		{04710E55-D259-4F97-9E07-E1D9C8AE9B90}.Release|x86.Build.0 = Release|Win32
		{70AE33D6-5F9A-4740-A255-B93B8336F712}.Debug|x64.ActiveCfg = Debug|x64
		{70AE33D6-5F9A-4740-A255-B93B8336F712}.Debug|x64.Build.0 = Debug|x64
		{70AE33D6-5F9A-4740-A255-B93B8336F712}.Debug|x86.ActiveCfg = Debug|Win32
		{70AE33D6-5F9A-4740-A255-B93B8336F712}.Debug|x86.Build.0 = Debug|Win32
		{70AE33D6-5F9A-4740-A255-B93B8336F712}.Release|x64.ActiveCfg = Release|x64
		{70AE33D6-5F9A-4740-A255-B93B8336F712}.Release|x64.Build.0 = Release|x64
		{70AE33D6-5F9A-4740-A255-B93B8336F712}.Release|x86.ActiveCfg = Release|Win32
		{70AE33D6-5F9A-4740-A255-B93B8336F712}.Release|x86.Build.0 = Release|Win32
		{154AD62A-48F3-464B-932E-8DB6CF394844}.Debug|x64.ActiveCfg = Debug|x64
		{154AD62A-48F3-464B-932E-8DB6CF394844}.Debug|x64.Build.0 = Debug|x64
		{154AD62A-48F3-464B-932E-8DB6CF394844}.Debug|x86.ActiveCfg = Debug|Win32
		{154AD62A-48F3-464B-932E-8DB6CF394844}.Debug|x86.Build.0 = Debug|Win32
		{154AD62A-48F3-464B-932E-8DB6CF394844}.Release|x64.ActiveCfg = Release|x64
		{154AD62A-48F3-464B-932E-8DB6CF394844}.Release|x64.Build.0 = Release|x64
		{154AD62A-48F3-464B-932E-8DB6CF394844}.Release|x86.ActiveCfg = Release|Win32
		{154AD62A-48F3-464B-932E-8DB6CF394844}.Release|x86.Build.0 = Release|Win32
		{C51A4A1B-8E85-411E-9B9A-BEE3633A0BEE}.Debug|x64.ActiveCfg = Debug|x64
		{C51A4A1B-8E85-411E-9B9A-BEE3633A0BEE}.Debug|x64.Build.0 = Debug|x64
		{C51A4A1B-8E85-411E-9B9A-BEE3633A0BEE}.Debug|x86.ActiveCfg = Debug|Win32
		{C51A4A1B-8E85-411E-9B9A-BEE3633A0BEE}.Debug|x86.Build.0 = Debug|Win32
		{C51A4A1B-8E85-411E-9B9A-BEE3633A0BEE}.Release|x64.ActiveCfg = Release|x64
		{C51A4A1B-8E85-411E-9B9A-BEE3633A0BEE}.Release|x64.Build.0 = Release|x64
		{C51A4A1B-8E85-411E-9B9A-BEE3633A0BEE}.Release|x86.ActiveCfg = Release|Win32
		{C51A4A1B-8E85-411E-9B9A-BEE3633A0BEE}.Release|x86.Build.0 = Release|Win32
		{B43856D6-3099-4B69-8345-16B0793FCB6D}.Debug|x64.ActiveCfg = Debug|x64
		{B43856D6-3099-4B69-8345-16B0793FCB6D}.Debug|x64.Build.0 = Debug|x64
		{B43856D6-3099-4B69-8345-16B0793FCB6D}.Debug|x86.ActiveCfg = Debug|Win32
		{B43856D6-3099-4B69-8345-16B0793FCB6D}.Debug|x86.Build.0 = Debug|Win32
		{B43856D6-3099-4B69-8345-16B0793FCB6D}.Release|x64.ActiveCfg = Release|x64
		{B43856D6-3099-4B69-8345-16B0793FCB6D}.Release|x64.Build.0 = Release|x64
		{B43856D6-3099-4B69-8345-16B0793FCB6D}.Release|x86.ActiveCfg = Release|Win32
		{B43856D6-3099-4B69-8345-16B0793FCB6D}.Release|x86.Build.0 = Release|Win32
		{A3EB906D-FE26-4B02-BEF3-60AAAAACEF51}.Debug|x64.ActiveCfg = Debug|x64
		{A3EB906D-FE26-4B02-BEF3-60AAAAACEF51}.Debug|x64.Build.0 = Debug|x64
		{A3EB906D-FE26-4B02-BEF3-60AAAAACEF51}.Debug|x86.ActiveCfg = Debug|Win32
		{A3EB906D-FE26-4B02-BEF3-60AAAAACEF51}.Debug|x86.Build.0 = Debug|Win32
		{A3EB906D-FE26-4B02-BEF3-60AAAAACEF51}.Release|x64.ActiveCfg = Release|x64
		{A3EB906D-FE26-4B02-BEF3-60AAAAACEF51}.Release|x64.Build.0 = Release|x64
		{A3EB906D-FE26-4B02-BEF3-60AAAAACEF51}.Release|x86.ActiveCfg = Release|Win32
		{A3EB906D-FE26-4B02-BEF3-60AAAAACEF51}.Release|x86.Build.0 = Release|Win32
		{62476DB6-EC9B-4F52-8BF8-E56C40963AF7}.Debug|x64.ActiveCfg = Debug|x64
		{62476DB6-EC9B-4F52-8BF8-E56C40963AF7}.Debug|x64.Build.0 = Debug|x64
		{62476DB6-EC9B-4F52-8BF8-E56C40963AF7}.Debug|x86.ActiveCfg = Debug|Win32
		{62476DB6-EC9B-4F52-8BF8-E56C40963AF7}.Debug|x86.Build.0 = Debug|Win32
		{62476DB6-EC9B-4F52-8BF8-E56C40963AF7}.Release|x64.ActiveCfg = Release|x64
		{62476DB6-EC9B-4F52-8BF8-E56C40963AF7}.Release|x64.Build.0 = Release|x64
		{62476DB6-EC9B-4F52-8BF8-E56C40963AF7}.Release|x86.ActiveCfg = Release|Win32
		{62476DB6-EC9B-4F52-8BF8-E56C40963AF7}.Release|x86.Build.0 = Release|Win32
		{B88DCF19-3B03-477B-A8CA-0AA0E51D92BD}.Debug|x64.ActiveCfg = Debug|x64
		{B88DCF19-3B03-477B-A8CA-0AA0E51D92BD}.Debug|x64.Build.0 = Debug|x64
		{B88DCF19-3B03-477B-A8CA-0AA0E51D92BD}.Debug|x86.ActiveCfg = Debug|Win32
		{B88DCF19-3B03-477B-A8CA-0AA0E51D92BD}.Debug|x86.Build.0 = Debug|Win32
		{B88DCF19-3B03-477B-A8CA-0AA0E51D92BD}.Release|x64.ActiveCfg = Release|x64
		{B88DCF19-3B03-477B-A8CA-0AA0E51D92BD}.Release|x64.Build.0 = Release|x64
		{B88DCF19-3B03-477B-A8CA-0AA0E51D92BD}.Release|x86.ActiveCfg = Release|Win32
		{B88DCF19-3B03-477B-A8CA-0AA0E51D92BD}.Release|x86.Build.0 = Release|Win32
	EndGlobalSection
	GlobalSection(SolutionProperties) = preSolution
		HideSolutionNode = FALSE
	EndGlobalSection
	GlobalSection(NestedProjects) = preSolution
		{0ED1FFB2-CB91-410D-B370-607DD2DC9BE5} = {23F1E88C-1CEB-4F8A-9A34-308498D49CC1}
		{75B77FCE-A79C-4ECE-844E-69436CA5D2EB} = {23F1E88C-1CEB-4F8A-9A34-308498D49CC1}
		{0CA17613-A279-46CB-A613-71A6DAB71F9E} = {23F1E88C-1CEB-4F8A-9A34-308498D49CC1}
		{3A413801-FD44-4C9B-87BD-43C1BBEE159F} = {23F1E88C-1CEB-4F8A-9A34-308498D49CC1}
		{68FC5263-1448-4A52-A7B8-00F1B6CC5324} = {23F1E88C-1CEB-4F8A-9A34-308498D49CC1}
		{B099FACD-ED5A-4D26-865F-A98E72AA5EC2} = {23F1E88C-1CEB-4F8A-9A34-308498D49CC1}
		{E5E0C88D-F340-4B30-9533-8032CAD61B26} = {23F1E88C-1CEB-4F8A-9A34-308498D49CC1}
		{E72A70CF-4E92-4BE8-90EB-B38D392FA11B} = {23F1E88C-1CEB-4F8A-9A34-308498D49CC1}
		{43B07B04-5DEB-4DFA-820E-ACBA0CA31679} = {23F1E88C-1CEB-4F8A-9A34-308498D49CC1}
		{18D79A2E-8B5C-42CB-9E58-F740170ACA61} = {23F1E88C-1CEB-4F8A-9A34-308498D49CC1}
		{A2ED421D-B0A2-4EE7-BB96-D9A01465B8E1} = {23F1E88C-1CEB-4F8A-9A34-308498D49CC1}
		{EC6CEEFD-F923-4FBA-B495-C4932B9BCA2F} = {23F1E88C-1CEB-4F8A-9A34-308498D49CC1}
		{D0E37B97-AEF4-4ACE-81E6-7909B7D8AE50} = {23F1E88C-1CEB-4F8A-9A34-308498D49CC1}
		{04710E55-D259-4F97-9E07-E1D9C8AE9B90} = {23F1E88C-1CEB-4F8A-9A34-308498D49CC1}
		{70AE33D6-5F9A-4740-A255-B93B8336F712} = {23F1E88C-1CEB-4F8A-9A34-308498D49CC1}
		{154AD62A-48F3-464B-932E-8DB6CF394844} = {23F1E88C-1CEB-4F8A-9A34-308498D49CC1}
		{C51A4A1B-8E85-411E-9B9A-BEE3633A0BEE} = {23F1E88C-1CEB-4F8A-9A34-308498D49CC1}
		{B43856D6-3099-4B69-8345-16B0793FCB6D} = {23F1E88C-1CEB-4F8A-9A34-308498D49CC1}
		{A3EB906D-FE26-4B02-BEF3-60AAAAACEF51} = {23F1E88C-1CEB-4F8A-9A34-308498D49CC1}
		{62476DB6-EC9B-4F52-8BF8-E56C40963AF7} = {23F1E88C-1CEB-4F8A-9A34-308498D49CC1}
		{B88DCF19-3B03-477B-A8CA-0AA0E51D92BD} = {23F1E88C-1CEB-4F8A-9A34-308498D49CC1}
	EndGlobalSection
	GlobalSection(ExtensibilityGlobals) = postSolution
		SolutionGuid = {CAA6D32B-C98D-4B10-9342-902246020E86}
	EndGlobalSection
EndGlobal
